
Microsoft Visual Studio Solution File, Format Version 12.00
# Visual Studio Version 16
VisualStudioVersion = 16.0.31624.102
MinimumVisualStudioVersion = 10.0.40219.1
Project("{FAE04EC0-301F-11D3-BF4B-00C04F79EFBC}") = "BackendPeopleReact.Data", "BackendPeopleReact.Data\BackendPeopleReact.Data.csproj", "{491EB225-E202-4D51-8D90-EC705FB4A449}"
EndProject
Project("{FAE04EC0-301F-11D3-BF4B-00C04F79EFBC}") = "BackendPeopleReact.Web", "BackendPeopleReact.Web\BackendPeopleReact.Web.csproj", "{2E4E0115-FE39-441A-82DE-DA5EC92041DE}"
EndProject
Global
	GlobalSection(SolutionConfigurationPlatforms) = preSolution
		Debug|Any CPU = Debug|Any CPU
		Release|Any CPU = Release|Any CPU
	EndGlobalSection
	GlobalSection(ProjectConfigurationPlatforms) = postSolution
		{491EB225-E202-4D51-8D90-EC705FB4A449}.Debug|Any CPU.ActiveCfg = Debug|Any CPU
		{491EB225-E202-4D51-8D90-EC705FB4A449}.Debug|Any CPU.Build.0 = Debug|Any CPU
		{491EB225-E202-4D51-8D90-EC705FB4A449}.Release|Any CPU.ActiveCfg = Release|Any CPU
		{491EB225-E202-4D51-8D90-EC705FB4A449}.Release|Any CPU.Build.0 = Release|Any CPU
		{2E4E0115-FE39-441A-82DE-DA5EC92041DE}.Debug|Any CPU.ActiveCfg = Debug|Any CPU
		{2E4E0115-FE39-441A-82DE-DA5EC92041DE}.Debug|Any CPU.Build.0 = Debug|Any CPU
		{2E4E0115-FE39-441A-82DE-DA5EC92041DE}.Release|Any CPU.ActiveCfg = Release|Any CPU
		{2E4E0115-FE39-441A-82DE-DA5EC92041DE}.Release|Any CPU.Build.0 = Release|Any CPU
	EndGlobalSection
	GlobalSection(SolutionProperties) = preSolution
		HideSolutionNode = FALSE
	EndGlobalSection
	GlobalSection(ExtensibilityGlobals) = postSolution
		SolutionGuid = {DE4E66B4-C92D-4426-A03F-75B768D96CEF}
	EndGlobalSection
EndGlobal
